<?xml version="1.0" encoding="utf-8"?>
<Project ToolsVersion="4.0" xmlns="http://schemas.microsoft.com/developer/msbuild/2003">
  <ItemGroup>
    <Filter Include="Source Files">
      <UniqueIdentifier>{4FC737F1-C7A5-4376-A066-2A32D752A2FF}</UniqueIdentifier>
      <Extensions>cpp;c;cc;cxx;c++;cppm;ixx;def;odl;idl;hpj;bat;asm;asmx</Extensions>
    </Filter>
    <Filter Include="Header Files">
      <UniqueIdentifier>{93995380-89BD-4b04-88EB-625FBE52EBFB}</UniqueIdentifier>
      <Extensions>h;hh;hpp;hxx;h++;hm;inl;inc;ipp;xsd</Extensions>
    </Filter>
    <Filter Include="Resource Files">
      <UniqueIdentifier>{67DA6AB6-F800-4c08-8B7A-83BB121AAD01}</UniqueIdentifier>
      <Extensions>rc;ico;cur;bmp;dlg;rc2;rct;bin;rgs;gif;jpg;jpeg;jpe;resx;tiff;tif;png;wav;mfcribbon-ms</Extensions>
    </Filter>
    <Filter Include="Source Files\numeral_system">
      <UniqueIdentifier>{2f72c62c-b486-49ca-8c73-39bba5a47848}</UniqueIdentifier>
    </Filter>
    <Filter Include="Header Files\numeral_system_h">
      <UniqueIdentifier>{53924561-8e45-4b1b-ae28-173aff1b82fc}</UniqueIdentifier>
    </Filter>
    <Filter Include="Source Files\money_">
      <UniqueIdentifier>{ef768e47-a4dc-45da-bcd5-1a0f045dcda2}</UniqueIdentifier>
    </Filter>
    <Filter Include="Header Files\money_h">
      <UniqueIdentifier>{7ebc824a-49f3-400e-b40e-807318d2bac8}</UniqueIdentifier>
    </Filter>
    <Filter Include="Source Files\length_">
      <UniqueIdentifier>{ca6f7236-03ea-4224-986f-6f5247a0eca7}</UniqueIdentifier>
    </Filter>
    <Filter Include="Header Files\length_h">
      <UniqueIdentifier>{f454b85c-5cb5-46cc-86d7-1b5793f9f734}</UniqueIdentifier>
    </Filter>
    <Filter Include="Header Files\pressure_h">
      <UniqueIdentifier>{5e4657ca-1dca-4b94-bae8-13b770ce093f}</UniqueIdentifier>
    </Filter>
    <Filter Include="Source Files\pressure_">
      <UniqueIdentifier>{5c9318f1-8618-4085-81d6-9462b208ce08}</UniqueIdentifier>
    </Filter>
    <Filter Include="Source Files\area_">
      <UniqueIdentifier>{f3178834-e362-4c24-90b0-74af2a283818}</UniqueIdentifier>
    </Filter>
    <Filter Include="Header Files\area_h">
      <UniqueIdentifier>{b85f473a-a450-4e8c-b0bc-78cf25d27cdb}</UniqueIdentifier>
    </Filter>
    <Filter Include="Header Files\speed_h">
      <UniqueIdentifier>{1d37c07b-3350-4b60-91fc-2e30afcec917}</UniqueIdentifier>
    </Filter>
    <Filter Include="Header Files\power_h">
      <UniqueIdentifier>{ae209827-c4a6-4538-99bc-64d7fa02e20e}</UniqueIdentifier>
    </Filter>
    <Filter Include="Header Files\weight_h">
      <UniqueIdentifier>{348164ea-8d37-4e32-bf74-a0eff97496a5}</UniqueIdentifier>
    </Filter>
    <Filter Include="Source Files\power">
      <UniqueIdentifier>{450c0589-b0b6-453e-801c-748372153bf0}</UniqueIdentifier>
    </Filter>
    <Filter Include="Source Files\weight">
      <UniqueIdentifier>{15b637d1-f247-46e1-af6f-e502dc44af7b}</UniqueIdentifier>
    </Filter>
    <Filter Include="Source Files\volume">
      <UniqueIdentifier>{11f4ff85-8753-401a-9eee-a02f0194b2e6}</UniqueIdentifier>
    </Filter>
    <Filter Include="Header Files\volume_h">
      <UniqueIdentifier>{adcaf6cd-5832-4af4-bfab-fac7afa57820}</UniqueIdentifier>
    </Filter>
    <Filter Include="Header Files\temperature_h">
      <UniqueIdentifier>{ee501449-ecc3-44c0-af1c-601316c689e1}</UniqueIdentifier>
    </Filter>
    <Filter Include="Source Files\temperature">
      <UniqueIdentifier>{e94d1ea6-a84e-4d74-812d-1429973aad1a}</UniqueIdentifier>
    </Filter>
  </ItemGroup>
  <ItemGroup>
    <ClCompile Include="nume_syst_toDec.cpp">
      <Filter>Source Files\numeral_system</Filter>
    </ClCompile>
    <ClCompile Include="numeral_system.cpp">
      <Filter>Source Files\numeral_system</Filter>
    </ClCompile>
    <ClCompile Include="serch_non_zero_el.cpp">
      <Filter>Source Files\numeral_system</Filter>
    </ClCompile>
    <ClCompile Include="Value_converter.cpp">
      <Filter>Source Files</Filter>
    </ClCompile>
    <ClCompile Include="money_conv.cpp">
      <Filter>Source Files\money_</Filter>
    </ClCompile>
    <ClCompile Include="to_the_usd_like.cpp">
      <Filter>Source Files\money_</Filter>
    </ClCompile>
    <ClCompile Include="found_result.cpp">
      <Filter>Source Files\money_</Filter>
    </ClCompile>
    <ClCompile Include="found_result_length.cpp">
      <Filter>Source Files\length_</Filter>
    </ClCompile>
    <ClCompile Include="length_conv.cpp">
      <Filter>Source Files\length_</Filter>
    </ClCompile>
    <ClCompile Include="to_the_m_like.cpp">
      <Filter>Source Files\length_</Filter>
    </ClCompile>
    <ClCompile Include="found_result_pressure.cpp">
      <Filter>Source Files\pressure_</Filter>
    </ClCompile>
    <ClCompile Include="pressure_conv.cpp">
      <Filter>Source Files\pressure_</Filter>
    </ClCompile>
    <ClCompile Include="to_the_Pa_like.cpp">
      <Filter>Source Files\pressure_</Filter>
    </ClCompile>
    <ClCompile Include="Area_conv.cpp">
      <Filter>Source Files\area_</Filter>
    </ClCompile>
    <ClCompile Include="Speed_conv.cpp">
      <Filter>Source Files\area_</Filter>
    </ClCompile>
    <ClCompile Include="weight.cpp">
      <Filter>Source Files\weight</Filter>
    </ClCompile>
    <ClCompile Include="power.cpp">
      <Filter>Source Files\power</Filter>
    </ClCompile>
    <ClCompile Include="volume.cpp">
      <Filter>Source Files\volume</Filter>
    </ClCompile>
    <ClCompile Include="temperature.cpp">
      <Filter>Source Files\temperature</Filter>
    </ClCompile>
  </ItemGroup>
  <ItemGroup>
    <ClInclude Include="header.h">
      <Filter>Header Files</Filter>
    </ClInclude>
    <ClInclude Include="numeral_system.h">
      <Filter>Header Files\numeral_system_h</Filter>
    </ClInclude>
    <ClInclude Include="money_conv.h">
      <Filter>Header Files\money_h</Filter>
    </ClInclude>
    <ClInclude Include="length_conv.h">
      <Filter>Header Files\length_h</Filter>
    </ClInclude>
    <ClInclude Include="pressure_conv.h">
      <Filter>Header Files\pressure_h</Filter>
    </ClInclude>
    <ClInclude Include="Area_conv.h">
      <Filter>Header Files\area_h</Filter>
    </ClInclude>
    <ClInclude Include="Speed_conv.h">
      <Filter>Header Files\speed_h</Filter>
    </ClInclude>
    <ClInclude Include="weight.h">
      <Filter>Header Files\weight_h</Filter>
    </ClInclude>
    <ClInclude Include="power.h">
      <Filter>Header Files\power_h</Filter>
    </ClInclude>
    <ClInclude Include="volume.h">
      <Filter>Header Files\volume_h</Filter>
    </ClInclude>
    <ClInclude Include="temperature.h">
      <Filter>Header Files\temperature_h</Filter>
    </ClInclude>
  </ItemGroup>
</Project>